// !$*UTF8*$!
{
	archiveVersion = 1;
	classes = {
	};
	objectVersion = 55;
	objects = {

/* Begin PBXBuildFile section */
		262F9B14281CE25F002D1D21 /* NewsAppApp.swift in Sources */ = {isa = PBXBuildFile; fileRef = 262F9B13281CE25F002D1D21 /* NewsAppApp.swift */; };
		262F9B16281CE25F002D1D21 /* ContentView.swift in Sources */ = {isa = PBXBuildFile; fileRef = 262F9B15281CE25F002D1D21 /* ContentView.swift */; };
		262F9B18281CE260002D1D21 /* Assets.xcassets in Resources */ = {isa = PBXBuildFile; fileRef = 262F9B17281CE260002D1D21 /* Assets.xcassets */; };
		262F9B1B281CE260002D1D21 /* Preview Assets.xcassets in Resources */ = {isa = PBXBuildFile; fileRef = 262F9B1A281CE260002D1D21 /* Preview Assets.xcassets */; };
		262F9B25281CE260002D1D21 /* NewsAppTests.swift in Sources */ = {isa = PBXBuildFile; fileRef = 262F9B24281CE260002D1D21 /* NewsAppTests.swift */; };
		262F9B2F281CE260002D1D21 /* NewsAppUITests.swift in Sources */ = {isa = PBXBuildFile; fileRef = 262F9B2E281CE260002D1D21 /* NewsAppUITests.swift */; };
		262F9B31281CE260002D1D21 /* NewsAppUITestsLaunchTests.swift in Sources */ = {isa = PBXBuildFile; fileRef = 262F9B30281CE260002D1D21 /* NewsAppUITestsLaunchTests.swift */; };
		262F9B41281CE57F002D1D21 /* Home.swift in Sources */ = {isa = PBXBuildFile; fileRef = 262F9B40281CE57F002D1D21 /* Home.swift */; };
		262F9B45281CED23002D1D21 /* NewsViewModel.swift in Sources */ = {isa = PBXBuildFile; fileRef = 262F9B44281CED23002D1D21 /* NewsViewModel.swift */; };
		26CEDDED281CF22B00BB3CE1 /* NewsModel.swift in Sources */ = {isa = PBXBuildFile; fileRef = 26CEDDEC281CF22B00BB3CE1 /* NewsModel.swift */; };
		26CEDDF0281CF78800BB3CE1 /* API.swift in Sources */ = {isa = PBXBuildFile; fileRef = 26CEDDEF281CF78800BB3CE1 /* API.swift */; };
		26CEDDF3281CF84100BB3CE1 /* NetworkManager.swift in Sources */ = {isa = PBXBuildFile; fileRef = 26CEDDF2281CF84100BB3CE1 /* NetworkManager.swift */; };
		26CEDDF5281CFF3400BB3CE1 /* NewsListViewModel.swift in Sources */ = {isa = PBXBuildFile; fileRef = 26CEDDF4281CFF3400BB3CE1 /* NewsListViewModel.swift */; };
		26CEDDF7281D046400BB3CE1 /* NewsListHeader.swift in Sources */ = {isa = PBXBuildFile; fileRef = 26CEDDF6281D046400BB3CE1 /* NewsListHeader.swift */; };
		26CEDDF9281D063900BB3CE1 /* NewsCell.swift in Sources */ = {isa = PBXBuildFile; fileRef = 26CEDDF8281D063900BB3CE1 /* NewsCell.swift */; };
		26CEDDFB281D084300BB3CE1 /* NewsListView.swift in Sources */ = {isa = PBXBuildFile; fileRef = 26CEDDFA281D084300BB3CE1 /* NewsListView.swift */; };
		26CEDDFE281D1FCA00BB3CE1 /* NewsWebView.swift in Sources */ = {isa = PBXBuildFile; fileRef = 26CEDDFD281D1FCA00BB3CE1 /* NewsWebView.swift */; };
		26CEDE00281D217400BB3CE1 /* NewsArticleWebView.swift in Sources */ = {isa = PBXBuildFile; fileRef = 26CEDDFF281D217400BB3CE1 /* NewsArticleWebView.swift */; };
/* End PBXBuildFile section */

/* Begin PBXContainerItemProxy section */
		262F9B21281CE260002D1D21 /* PBXContainerItemProxy */ = {
			isa = PBXContainerItemProxy;
			containerPortal = 262F9B08281CE25F002D1D21 /* Project object */;
			proxyType = 1;
			remoteGlobalIDString = 262F9B0F281CE25F002D1D21;
			remoteInfo = NewsApp;
		};
		262F9B2B281CE260002D1D21 /* PBXContainerItemProxy */ = {
			isa = PBXContainerItemProxy;
			containerPortal = 262F9B08281CE25F002D1D21 /* Project object */;
			proxyType = 1;
			remoteGlobalIDString = 262F9B0F281CE25F002D1D21;
			remoteInfo = NewsApp;
		};
/* End PBXContainerItemProxy section */

/* Begin PBXFileReference section */
		262F9B10281CE25F002D1D21 /* NewsApp.app */ = {isa = PBXFileReference; explicitFileType = wrapper.application; includeInIndex = 0; path = NewsApp.app; sourceTree = BUILT_PRODUCTS_DIR; };
		262F9B13281CE25F002D1D21 /* NewsAppApp.swift */ = {isa = PBXFileReference; lastKnownFileType = sourcecode.swift; path = NewsAppApp.swift; sourceTree = "<group>"; };
		262F9B15281CE25F002D1D21 /* ContentView.swift */ = {isa = PBXFileReference; lastKnownFileType = sourcecode.swift; path = ContentView.swift; sourceTree = "<group>"; };
		262F9B17281CE260002D1D21 /* Assets.xcassets */ = {isa = PBXFileReference; lastKnownFileType = folder.assetcatalog; path = Assets.xcassets; sourceTree = "<group>"; };
		262F9B1A281CE260002D1D21 /* Preview Assets.xcassets */ = {isa = PBXFileReference; lastKnownFileType = folder.assetcatalog; path = "Preview Assets.xcassets"; sourceTree = "<group>"; };
		262F9B20281CE260002D1D21 /* NewsAppTests.xctest */ = {isa = PBXFileReference; explicitFileType = wrapper.cfbundle; includeInIndex = 0; path = NewsAppTests.xctest; sourceTree = BUILT_PRODUCTS_DIR; };
		262F9B24281CE260002D1D21 /* NewsAppTests.swift */ = {isa = PBXFileReference; lastKnownFileType = sourcecode.swift; path = NewsAppTests.swift; sourceTree = "<group>"; };
		262F9B2A281CE260002D1D21 /* NewsAppUITests.xctest */ = {isa = PBXFileReference; explicitFileType = wrapper.cfbundle; includeInIndex = 0; path = NewsAppUITests.xctest; sourceTree = BUILT_PRODUCTS_DIR; };
		262F9B2E281CE260002D1D21 /* NewsAppUITests.swift */ = {isa = PBXFileReference; lastKnownFileType = sourcecode.swift; path = NewsAppUITests.swift; sourceTree = "<group>"; };
		262F9B30281CE260002D1D21 /* NewsAppUITestsLaunchTests.swift */ = {isa = PBXFileReference; lastKnownFileType = sourcecode.swift; path = NewsAppUITestsLaunchTests.swift; sourceTree = "<group>"; };
		262F9B40281CE57F002D1D21 /* Home.swift */ = {isa = PBXFileReference; lastKnownFileType = sourcecode.swift; path = Home.swift; sourceTree = "<group>"; };
		262F9B44281CED23002D1D21 /* NewsViewModel.swift */ = {isa = PBXFileReference; lastKnownFileType = sourcecode.swift; path = NewsViewModel.swift; sourceTree = "<group>"; };
		26CEDDEC281CF22B00BB3CE1 /* NewsModel.swift */ = {isa = PBXFileReference; lastKnownFileType = sourcecode.swift; path = NewsModel.swift; sourceTree = "<group>"; };
		26CEDDEF281CF78800BB3CE1 /* API.swift */ = {isa = PBXFileReference; lastKnownFileType = sourcecode.swift; path = API.swift; sourceTree = "<group>"; };
		26CEDDF2281CF84100BB3CE1 /* NetworkManager.swift */ = {isa = PBXFileReference; lastKnownFileType = sourcecode.swift; path = NetworkManager.swift; sourceTree = "<group>"; };
		26CEDDF4281CFF3400BB3CE1 /* NewsListViewModel.swift */ = {isa = PBXFileReference; lastKnownFileType = sourcecode.swift; path = NewsListViewModel.swift; sourceTree = "<group>"; };
		26CEDDF6281D046400BB3CE1 /* NewsListHeader.swift */ = {isa = PBXFileReference; lastKnownFileType = sourcecode.swift; path = NewsListHeader.swift; sourceTree = "<group>"; };
		26CEDDF8281D063900BB3CE1 /* NewsCell.swift */ = {isa = PBXFileReference; lastKnownFileType = sourcecode.swift; path = NewsCell.swift; sourceTree = "<group>"; };
		26CEDDFA281D084300BB3CE1 /* NewsListView.swift */ = {isa = PBXFileReference; lastKnownFileType = sourcecode.swift; path = NewsListView.swift; sourceTree = "<group>"; };
		26CEDDFD281D1FCA00BB3CE1 /* NewsWebView.swift */ = {isa = PBXFileReference; lastKnownFileType = sourcecode.swift; path = NewsWebView.swift; sourceTree = "<group>"; };
		26CEDDFF281D217400BB3CE1 /* NewsArticleWebView.swift */ = {isa = PBXFileReference; lastKnownFileType = sourcecode.swift; path = NewsArticleWebView.swift; sourceTree = "<group>"; };
/* End PBXFileReference section */

/* Begin PBXFrameworksBuildPhase section */
		262F9B0D281CE25F002D1D21 /* Frameworks */ = {
			isa = PBXFrameworksBuildPhase;
			buildActionMask = 2147483647;
			files = (
			);
			runOnlyForDeploymentPostprocessing = 0;
		};
		262F9B1D281CE260002D1D21 /* Frameworks */ = {
			isa = PBXFrameworksBuildPhase;
			buildActionMask = 2147483647;
			files = (
			);
			runOnlyForDeploymentPostprocessing = 0;
		};
		262F9B27281CE260002D1D21 /* Frameworks */ = {
			isa = PBXFrameworksBuildPhase;
			buildActionMask = 2147483647;
			files = (
			);
			runOnlyForDeploymentPostprocessing = 0;
		};
/* End PBXFrameworksBuildPhase section */

/* Begin PBXGroup section */
		262F9B07281CE25F002D1D21 = {
			isa = PBXGroup;
			children = (
				262F9B12281CE25F002D1D21 /* NewsApp */,
				262F9B23281CE260002D1D21 /* NewsAppTests */,
				262F9B2D281CE260002D1D21 /* NewsAppUITests */,
				262F9B11281CE25F002D1D21 /* Products */,
			);
			sourceTree = "<group>";
		};
		262F9B11281CE25F002D1D21 /* Products */ = {
			isa = PBXGroup;
			children = (
				262F9B10281CE25F002D1D21 /* NewsApp.app */,
				262F9B20281CE260002D1D21 /* NewsAppTests.xctest */,
				262F9B2A281CE260002D1D21 /* NewsAppUITests.xctest */,
			);
			name = Products;
			sourceTree = "<group>";
		};
		262F9B12281CE25F002D1D21 /* NewsApp */ = {
			isa = PBXGroup;
			children = (
				26CEDDFC281D1F9A00BB3CE1 /* Components */,
				26CEDDF1281CF80000BB3CE1 /* Services */,
				26CEDDEE281CF77500BB3CE1 /* Config */,
				262F9B3F281CE569002D1D21 /* ViewModel */,
				262F9B3E281CE55B002D1D21 /* Model */,
				262F9B3D281CE545002D1D21 /* View */,
				262F9B13281CE25F002D1D21 /* NewsAppApp.swift */,
				262F9B15281CE25F002D1D21 /* ContentView.swift */,
				262F9B17281CE260002D1D21 /* Assets.xcassets */,
				262F9B19281CE260002D1D21 /* Preview Content */,
			);
			path = NewsApp;
			sourceTree = "<group>";
		};
		262F9B19281CE260002D1D21 /* Preview Content */ = {
			isa = PBXGroup;
			children = (
				262F9B1A281CE260002D1D21 /* Preview Assets.xcassets */,
			);
			path = "Preview Content";
			sourceTree = "<group>";
		};
		262F9B23281CE260002D1D21 /* NewsAppTests */ = {
			isa = PBXGroup;
			children = (
				262F9B24281CE260002D1D21 /* NewsAppTests.swift */,
			);
			path = NewsAppTests;
			sourceTree = "<group>";
		};
		262F9B2D281CE260002D1D21 /* NewsAppUITests */ = {
			isa = PBXGroup;
			children = (
				262F9B2E281CE260002D1D21 /* NewsAppUITests.swift */,
				262F9B30281CE260002D1D21 /* NewsAppUITestsLaunchTests.swift */,
			);
			path = NewsAppUITests;
			sourceTree = "<group>";
		};
		262F9B3D281CE545002D1D21 /* View */ = {
			isa = PBXGroup;
			children = (
				262F9B40281CE57F002D1D21 /* Home.swift */,
				26CEDDF6281D046400BB3CE1 /* NewsListHeader.swift */,
				26CEDDFA281D084300BB3CE1 /* NewsListView.swift */,
				26CEDDF8281D063900BB3CE1 /* NewsCell.swift */,
				26CEDDFF281D217400BB3CE1 /* NewsArticleWebView.swift */,
			);
			path = View;
			sourceTree = "<group>";
		};
		262F9B3E281CE55B002D1D21 /* Model */ = {
			isa = PBXGroup;
			children = (
				26CEDDEC281CF22B00BB3CE1 /* NewsModel.swift */,
			);
			path = Model;
			sourceTree = "<group>";
		};
		262F9B3F281CE569002D1D21 /* ViewModel */ = {
			isa = PBXGroup;
			children = (
				262F9B44281CED23002D1D21 /* NewsViewModel.swift */,
				26CEDDF4281CFF3400BB3CE1 /* NewsListViewModel.swift */,
			);
			path = ViewModel;
			sourceTree = "<group>";
		};
		26CEDDEE281CF77500BB3CE1 /* Config */ = {
			isa = PBXGroup;
			children = (
				26CEDDEF281CF78800BB3CE1 /* API.swift */,
			);
			path = Config;
			sourceTree = "<group>";
		};
		26CEDDF1281CF80000BB3CE1 /* Services */ = {
			isa = PBXGroup;
			children = (
				26CEDDF2281CF84100BB3CE1 /* NetworkManager.swift */,
			);
			path = Services;
			sourceTree = "<group>";
		};
		26CEDDFC281D1F9A00BB3CE1 /* Components */ = {
			isa = PBXGroup;
			children = (
				26CEDDFD281D1FCA00BB3CE1 /* NewsWebView.swift */,
			);
			path = Components;
			sourceTree = "<group>";
		};
/* End PBXGroup section */

/* Begin PBXNativeTarget section */
		262F9B0F281CE25F002D1D21 /* NewsApp */ = {
			isa = PBXNativeTarget;
			buildConfigurationList = 262F9B34281CE260002D1D21 /* Build configuration list for PBXNativeTarget "NewsApp" */;
			buildPhases = (
				262F9B0C281CE25F002D1D21 /* Sources */,
				262F9B0D281CE25F002D1D21 /* Frameworks */,
				262F9B0E281CE25F002D1D21 /* Resources */,
			);
			buildRules = (
			);
			dependencies = (
			);
			name = NewsApp;
			productName = NewsApp;
			productReference = 262F9B10281CE25F002D1D21 /* NewsApp.app */;
			productType = "com.apple.product-type.application";
		};
		262F9B1F281CE260002D1D21 /* NewsAppTests */ = {
			isa = PBXNativeTarget;
			buildConfigurationList = 262F9B37281CE260002D1D21 /* Build configuration list for PBXNativeTarget "NewsAppTests" */;
			buildPhases = (
				262F9B1C281CE260002D1D21 /* Sources */,
				262F9B1D281CE260002D1D21 /* Frameworks */,
				262F9B1E281CE260002D1D21 /* Resources */,
			);
			buildRules = (
			);
			dependencies = (
				262F9B22281CE260002D1D21 /* PBXTargetDependency */,
			);
			name = NewsAppTests;
			productName = NewsAppTests;
			productReference = 262F9B20281CE260002D1D21 /* NewsAppTests.xctest */;
			productType = "com.apple.product-type.bundle.unit-test";
		};
		262F9B29281CE260002D1D21 /* NewsAppUITests */ = {
			isa = PBXNativeTarget;
			buildConfigurationList = 262F9B3A281CE260002D1D21 /* Build configuration list for PBXNativeTarget "NewsAppUITests" */;
			buildPhases = (
				262F9B26281CE260002D1D21 /* Sources */,
				262F9B27281CE260002D1D21 /* Frameworks */,
				262F9B28281CE260002D1D21 /* Resources */,
			);
			buildRules = (
			);
			dependencies = (
				262F9B2C281CE260002D1D21 /* PBXTargetDependency */,
			);
			name = NewsAppUITests;
			productName = NewsAppUITests;
			productReference = 262F9B2A281CE260002D1D21 /* NewsAppUITests.xctest */;
			productType = "com.apple.product-type.bundle.ui-testing";
		};
/* End PBXNativeTarget section */

/* Begin PBXProject section */
		262F9B08281CE25F002D1D21 /* Project object */ = {
			isa = PBXProject;
			attributes = {
				BuildIndependentTargetsInParallel = 1;
				LastSwiftUpdateCheck = 1330;
				LastUpgradeCheck = 1330;
				TargetAttributes = {
					262F9B0F281CE25F002D1D21 = {
						CreatedOnToolsVersion = 13.3.1;
					};
					262F9B1F281CE260002D1D21 = {
						CreatedOnToolsVersion = 13.3.1;
						TestTargetID = 262F9B0F281CE25F002D1D21;
					};
					262F9B29281CE260002D1D21 = {
						CreatedOnToolsVersion = 13.3.1;
						TestTargetID = 262F9B0F281CE25F002D1D21;
					};
				};
			};
			buildConfigurationList = 262F9B0B281CE25F002D1D21 /* Build configuration list for PBXProject "NewsApp" */;
			compatibilityVersion = "Xcode 13.0";
			developmentRegion = en;
			hasScannedForEncodings = 0;
			knownRegions = (
				en,
				Base,
			);
			mainGroup = 262F9B07281CE25F002D1D21;
			productRefGroup = 262F9B11281CE25F002D1D21 /* Products */;
			projectDirPath = "";
			projectRoot = "";
			targets = (
				262F9B0F281CE25F002D1D21 /* NewsApp */,
				262F9B1F281CE260002D1D21 /* NewsAppTests */,
				262F9B29281CE260002D1D21 /* NewsAppUITests */,
			);
		};
/* End PBXProject section */

/* Begin PBXResourcesBuildPhase section */
		262F9B0E281CE25F002D1D21 /* Resources */ = {
			isa = PBXResourcesBuildPhase;
			buildActionMask = 2147483647;
			files = (
				262F9B1B281CE260002D1D21 /* Preview Assets.xcassets in Resources */,
				262F9B18281CE260002D1D21 /* Assets.xcassets in Resources */,
			);
			runOnlyForDeploymentPostprocessing = 0;
		};
		262F9B1E281CE260002D1D21 /* Resources */ = {
			isa = PBXResourcesBuildPhase;
			buildActionMask = 2147483647;
			files = (
			);
			runOnlyForDeploymentPostprocessing = 0;
		};
		262F9B28281CE260002D1D21 /* Resources */ = {
			isa = PBXResourcesBuildPhase;
			buildActionMask = 2147483647;
			files = (
			);
			runOnlyForDeploymentPostprocessing = 0;
		};
/* End PBXResourcesBuildPhase section */

/* Begin PBXSourcesBuildPhase section */
		262F9B0C281CE25F002D1D21 /* Sources */ = {
			isa = PBXSourcesBuildPhase;
			buildActionMask = 2147483647;
			files = (
				262F9B45281CED23002D1D21 /* NewsViewModel.swift in Sources */,
				26CEDE00281D217400BB3CE1 /* NewsArticleWebView.swift in Sources */,
				262F9B16281CE25F002D1D21 /* ContentView.swift in Sources */,
				262F9B41281CE57F002D1D21 /* Home.swift in Sources */,
				26CEDDF3281CF84100BB3CE1 /* NetworkManager.swift in Sources */,
				26CEDDF9281D063900BB3CE1 /* NewsCell.swift in Sources */,
				26CEDDFB281D084300BB3CE1 /* NewsListView.swift in Sources */,
				262F9B14281CE25F002D1D21 /* NewsAppApp.swift in Sources */,
				26CEDDF7281D046400BB3CE1 /* NewsListHeader.swift in Sources */,
				26CEDDF0281CF78800BB3CE1 /* API.swift in Sources */,
				26CEDDFE281D1FCA00BB3CE1 /* NewsWebView.swift in Sources */,
				26CEDDED281CF22B00BB3CE1 /* NewsModel.swift in Sources */,
				26CEDDF5281CFF3400BB3CE1 /* NewsListViewModel.swift in Sources */,
			);
			runOnlyForDeploymentPostprocessing = 0;
		};
		262F9B1C281CE260002D1D21 /* Sources */ = {
			isa = PBXSourcesBuildPhase;
			buildActionMask = 2147483647;
			files = (
				262F9B25281CE260002D1D21 /* NewsAppTests.swift in Sources */,
			);
			runOnlyForDeploymentPostprocessing = 0;
		};
		262F9B26281CE260002D1D21 /* Sources */ = {
			isa = PBXSourcesBuildPhase;
			buildActionMask = 2147483647;
			files = (
				262F9B2F281CE260002D1D21 /* NewsAppUITests.swift in Sources */,
				262F9B31281CE260002D1D21 /* NewsAppUITestsLaunchTests.swift in Sources */,
			);
			runOnlyForDeploymentPostprocessing = 0;
		};
/* End PBXSourcesBuildPhase section */

/* Begin PBXTargetDependency section */
		262F9B22281CE260002D1D21 /* PBXTargetDependency */ = {
			isa = PBXTargetDependency;
			target = 262F9B0F281CE25F002D1D21 /* NewsApp */;
			targetProxy = 262F9B21281CE260002D1D21 /* PBXContainerItemProxy */;
		};
		262F9B2C281CE260002D1D21 /* PBXTargetDependency */ = {
			isa = PBXTargetDependency;
			target = 262F9B0F281CE25F002D1D21 /* NewsApp */;
			targetProxy = 262F9B2B281CE260002D1D21 /* PBXContainerItemProxy */;
		};
/* End PBXTargetDependency section */

/* Begin XCBuildConfiguration section */
		262F9B32281CE260002D1D21 /* Debug */ = {
			isa = XCBuildConfiguration;
			buildSettings = {
				ALWAYS_SEARCH_USER_PATHS = NO;
				CLANG_ANALYZER_NONNULL = YES;
				CLANG_ANALYZER_NUMBER_OBJECT_CONVERSION = YES_AGGRESSIVE;
				CLANG_CXX_LANGUAGE_STANDARD = "gnu++17";
				CLANG_ENABLE_MODULES = YES;
				CLANG_ENABLE_OBJC_ARC = YES;
				CLANG_ENABLE_OBJC_WEAK = YES;
				CLANG_WARN_BLOCK_CAPTURE_AUTORELEASING = YES;
				CLANG_WARN_BOOL_CONVERSION = YES;
				CLANG_WARN_COMMA = YES;
				CLANG_WARN_CONSTANT_CONVERSION = YES;
				CLANG_WARN_DEPRECATED_OBJC_IMPLEMENTATIONS = YES;
				CLANG_WARN_DIRECT_OBJC_ISA_USAGE = YES_ERROR;
				CLANG_WARN_DOCUMENTATION_COMMENTS = YES;
				CLANG_WARN_EMPTY_BODY = YES;
				CLANG_WARN_ENUM_CONVERSION = YES;
				CLANG_WARN_INFINITE_RECURSION = YES;
				CLANG_WARN_INT_CONVERSION = YES;
				CLANG_WARN_NON_LITERAL_NULL_CONVERSION = YES;
				CLANG_WARN_OBJC_IMPLICIT_RETAIN_SELF = YES;
				CLANG_WARN_OBJC_LITERAL_CONVERSION = YES;
				CLANG_WARN_OBJC_ROOT_CLASS = YES_ERROR;
				CLANG_WARN_QUOTED_INCLUDE_IN_FRAMEWORK_HEADER = YES;
				CLANG_WARN_RANGE_LOOP_ANALYSIS = YES;
				CLANG_WARN_STRICT_PROTOTYPES = YES;
				CLANG_WARN_SUSPICIOUS_MOVE = YES;
				CLANG_WARN_UNGUARDED_AVAILABILITY = YES_AGGRESSIVE;
				CLANG_WARN_UNREACHABLE_CODE = YES;
				CLANG_WARN__DUPLICATE_METHOD_MATCH = YES;
				COPY_PHASE_STRIP = NO;
				DEBUG_INFORMATION_FORMAT = dwarf;
				ENABLE_STRICT_OBJC_MSGSEND = YES;
				ENABLE_TESTABILITY = YES;
				GCC_C_LANGUAGE_STANDARD = gnu11;
				GCC_DYNAMIC_NO_PIC = NO;
				GCC_NO_COMMON_BLOCKS = YES;
				GCC_OPTIMIZATION_LEVEL = 0;
				GCC_PREPROCESSOR_DEFINITIONS = (
					"DEBUG=1",
					"$(inherited)",
				);
				GCC_WARN_64_TO_32_BIT_CONVERSION = YES;
				GCC_WARN_ABOUT_RETURN_TYPE = YES_ERROR;
				GCC_WARN_UNDECLARED_SELECTOR = YES;
				GCC_WARN_UNINITIALIZED_AUTOS = YES_AGGRESSIVE;
				GCC_WARN_UNUSED_FUNCTION = YES;
				GCC_WARN_UNUSED_VARIABLE = YES;
				IPHONEOS_DEPLOYMENT_TARGET = 15.4;
				MTL_ENABLE_DEBUG_INFO = INCLUDE_SOURCE;
				MTL_FAST_MATH = YES;
				ONLY_ACTIVE_ARCH = YES;
				SDKROOT = iphoneos;
				SWIFT_ACTIVE_COMPILATION_CONDITIONS = DEBUG;
				SWIFT_OPTIMIZATION_LEVEL = "-Onone";
			};
			name = Debug;
		};
		262F9B33281CE260002D1D21 /* Release */ = {
			isa = XCBuildConfiguration;
			buildSettings = {
				ALWAYS_SEARCH_USER_PATHS = NO;
				CLANG_ANALYZER_NONNULL = YES;
				CLANG_ANALYZER_NUMBER_OBJECT_CONVERSION = YES_AGGRESSIVE;
				CLANG_CXX_LANGUAGE_STANDARD = "gnu++17";
				CLANG_ENABLE_MODULES = YES;
				CLANG_ENABLE_OBJC_ARC = YES;
				CLANG_ENABLE_OBJC_WEAK = YES;
				CLANG_WARN_BLOCK_CAPTURE_AUTORELEASING = YES;
				CLANG_WARN_BOOL_CONVERSION = YES;
				CLANG_WARN_COMMA = YES;
				CLANG_WARN_CONSTANT_CONVERSION = YES;
				CLANG_WARN_DEPRECATED_OBJC_IMPLEMENTATIONS = YES;
				CLANG_WARN_DIRECT_OBJC_ISA_USAGE = YES_ERROR;
				CLANG_WARN_DOCUMENTATION_COMMENTS = YES;
				CLANG_WARN_EMPTY_BODY = YES;
				CLANG_WARN_ENUM_CONVERSION = YES;
				CLANG_WARN_INFINITE_RECURSION = YES;
				CLANG_WARN_INT_CONVERSION = YES;
				CLANG_WARN_NON_LITERAL_NULL_CONVERSION = YES;
				CLANG_WARN_OBJC_IMPLICIT_RETAIN_SELF = YES;
				CLANG_WARN_OBJC_LITERAL_CONVERSION = YES;
				CLANG_WARN_OBJC_ROOT_CLASS = YES_ERROR;
				CLANG_WARN_QUOTED_INCLUDE_IN_FRAMEWORK_HEADER = YES;
				CLANG_WARN_RANGE_LOOP_ANALYSIS = YES;
				CLANG_WARN_STRICT_PROTOTYPES = YES;
				CLANG_WARN_SUSPICIOUS_MOVE = YES;
				CLANG_WARN_UNGUARDED_AVAILABILITY = YES_AGGRESSIVE;
				CLANG_WARN_UNREACHABLE_CODE = YES;
				CLANG_WARN__DUPLICATE_METHOD_MATCH = YES;
				COPY_PHASE_STRIP = NO;
				DEBUG_INFORMATION_FORMAT = "dwarf-with-dsym";
				ENABLE_NS_ASSERTIONS = NO;
				ENABLE_STRICT_OBJC_MSGSEND = YES;
				GCC_C_LANGUAGE_STANDARD = gnu11;
				GCC_NO_COMMON_BLOCKS = YES;
				GCC_WARN_64_TO_32_BIT_CONVERSION = YES;
				GCC_WARN_ABOUT_RETURN_TYPE = YES_ERROR;
				GCC_WARN_UNDECLARED_SELECTOR = YES;
				GCC_WARN_UNINITIALIZED_AUTOS = YES_AGGRESSIVE;
				GCC_WARN_UNUSED_FUNCTION = YES;
				GCC_WARN_UNUSED_VARIABLE = YES;
				IPHONEOS_DEPLOYMENT_TARGET = 15.4;
				MTL_ENABLE_DEBUG_INFO = NO;
				MTL_FAST_MATH = YES;
				SDKROOT = iphoneos;
				SWIFT_COMPILATION_MODE = wholemodule;
				SWIFT_OPTIMIZATION_LEVEL = "-O";
				VALIDATE_PRODUCT = YES;
			};
			name = Release;
		};
		262F9B35281CE260002D1D21 /* Debug */ = {
			isa = XCBuildConfiguration;
			buildSettings = {
				ASSETCATALOG_COMPILER_APPICON_NAME = AppIcon;
				ASSETCATALOG_COMPILER_GLOBAL_ACCENT_COLOR_NAME = AccentColor;
				CODE_SIGN_STYLE = Automatic;
				CURRENT_PROJECT_VERSION = 1;
				DEVELOPMENT_ASSET_PATHS = "\"NewsApp/Preview Content\"";
				DEVELOPMENT_TEAM = 8J965MXCMC;
				ENABLE_PREVIEWS = YES;
				GENERATE_INFOPLIST_FILE = YES;
				INFOPLIST_KEY_UIApplicationSceneManifest_Generation = YES;
				INFOPLIST_KEY_UIApplicationSupportsIndirectInputEvents = YES;
				INFOPLIST_KEY_UILaunchScreen_Generation = YES;
				INFOPLIST_KEY_UISupportedInterfaceOrientations_iPad = "UIInterfaceOrientationPortrait UIInterfaceOrientationPortraitUpsideDown UIInterfaceOrientationLandscapeLeft UIInterfaceOrientationLandscapeRight";
				INFOPLIST_KEY_UISupportedInterfaceOrientations_iPhone = "UIInterfaceOrientationPortrait UIInterfaceOrientationLandscapeLeft UIInterfaceOrientationLandscapeRight";
				IPHONEOS_DEPLOYMENT_TARGET = 14.6;
				LD_RUNPATH_SEARCH_PATHS = (
					"$(inherited)",
					"@executable_path/Frameworks",
				);
				MARKETING_VERSION = 1.0;
				PRODUCT_BUNDLE_IDENTIFIER = com.share.NewsApp;
				PRODUCT_NAME = "$(TARGET_NAME)";
				SWIFT_EMIT_LOC_STRINGS = YES;
				SWIFT_VERSION = 5.0;
				TARGETED_DEVICE_FAMILY = "1,2";
			};
			name = Debug;
		};
		262F9B36281CE260002D1D21 /* Release */ = {
			isa = XCBuildConfiguration;
			buildSettings = {
				ASSETCATALOG_COMPILER_APPICON_NAME = AppIcon;
				ASSETCATALOG_COMPILER_GLOBAL_ACCENT_COLOR_NAME = AccentColor;
				CODE_SIGN_STYLE = Automatic;
				CURRENT_PROJECT_VERSION = 1;
				DEVELOPMENT_ASSET_PATHS = "\"NewsApp/Preview Content\"";
				DEVELOPMENT_TEAM = 8J965MXCMC;
				ENABLE_PREVIEWS = YES;
				GENERATE_INFOPLIST_FILE = YES;
				INFOPLIST_KEY_UIApplicationSceneManifest_Generation = YES;
				INFOPLIST_KEY_UIApplicationSupportsIndirectInputEvents = YES;
				INFOPLIST_KEY_UILaunchScreen_Generation = YES;
				INFOPLIST_KEY_UISupportedInterfaceOrientations_iPad = "UIInterfaceOrientationPortrait UIInterfaceOrientationPortraitUpsideDown UIInterfaceOrientationLandscapeLeft UIInterfaceOrientationLandscapeRight";
				INFOPLIST_KEY_UISupportedInterfaceOrientations_iPhone = "UIInterfaceOrientationPortrait UIInterfaceOrientationLandscapeLeft UIInterfaceOrientationLandscapeRight";
				IPHONEOS_DEPLOYMENT_TARGET = 14.6;
				LD_RUNPATH_SEARCH_PATHS = (
					"$(inherited)",
					"@executable_path/Frameworks",
				);
				MARKETING_VERSION = 1.0;
				PRODUCT_BUNDLE_IDENTIFIER = com.share.NewsApp;
				PRODUCT_NAME = "$(TARGET_NAME)";
				SWIFT_EMIT_LOC_STRINGS = YES;
				SWIFT_VERSION = 5.0;
				TARGETED_DEVICE_FAMILY = "1,2";
			};
			name = Release;
		};
		262F9B38281CE260002D1D21 /* Debug */ = {
			isa = XCBuildConfiguration;
			buildSettings = {
				ALWAYS_EMBED_SWIFT_STANDARD_LIBRARIES = YES;
				BUNDLE_LOADER = "$(TEST_HOST)";
				CODE_SIGN_STYLE = Automatic;
				CURRENT_PROJECT_VERSION = 1;
				DEVELOPMENT_TEAM = 8J965MXCMC;
				GENERATE_INFOPLIST_FILE = YES;
				IPHONEOS_DEPLOYMENT_TARGET = 15.4;
				MARKETING_VERSION = 1.0;
				PRODUCT_BUNDLE_IDENTIFIER = com.share.NewsAppTests;
				PRODUCT_NAME = "$(TARGET_NAME)";
				SWIFT_EMIT_LOC_STRINGS = NO;
				SWIFT_VERSION = 5.0;
				TARGETED_DEVICE_FAMILY = "1,2";
				TEST_HOST = "$(BUILT_PRODUCTS_DIR)/NewsApp.app/NewsApp";
			};
			name = Debug;
		};
		262F9B39281CE260002D1D21 /* Release */ = {
			isa = XCBuildConfiguration;
			buildSettings = {
				ALWAYS_EMBED_SWIFT_STANDARD_LIBRARIES = YES;
				BUNDLE_LOADER = "$(TEST_HOST)";
				CODE_SIGN_STYLE = Automatic;
				CURRENT_PROJECT_VERSION = 1;
				DEVELOPMENT_TEAM = 8J965MXCMC;
				GENERATE_INFOPLIST_FILE = YES;
				IPHONEOS_DEPLOYMENT_TARGET = 15.4;
				MARKETING_VERSION = 1.0;
				PRODUCT_BUNDLE_IDENTIFIER = com.share.NewsAppTests;
				PRODUCT_NAME = "$(TARGET_NAME)";
				SWIFT_EMIT_LOC_STRINGS = NO;
				SWIFT_VERSION = 5.0;
				TARGETED_DEVICE_FAMILY = "1,2";
				TEST_HOST = "$(BUILT_PRODUCTS_DIR)/NewsApp.app/NewsApp";
			};
			name = Release;
		};
		262F9B3B281CE260002D1D21 /* Debug */ = {
			isa = XCBuildConfiguration;
			buildSettings = {
				ALWAYS_EMBED_SWIFT_STANDARD_LIBRARIES = YES;
				CODE_SIGN_STYLE = Automatic;
				CURRENT_PROJECT_VERSION = 1;
				DEVELOPMENT_TEAM = 8J965MXCMC;
				GENERATE_INFOPLIST_FILE = YES;
				MARKETING_VERSION = 1.0;
				PRODUCT_BUNDLE_IDENTIFIER = com.share.NewsAppUITests;
				PRODUCT_NAME = "$(TARGET_NAME)";
				SWIFT_EMIT_LOC_STRINGS = NO;
				SWIFT_VERSION = 5.0;
				TARGETED_DEVICE_FAMILY = "1,2";
				TEST_TARGET_NAME = NewsApp;
			};
			name = Debug;
		};
		262F9B3C281CE260002D1D21 /* Release */ = {
			isa = XCBuildConfiguration;
			buildSettings = {
				ALWAYS_EMBED_SWIFT_STANDARD_LIBRARIES = YES;
				CODE_SIGN_STYLE = Automatic;
				CURRENT_PROJECT_VERSION = 1;
				DEVELOPMENT_TEAM = 8J965MXCMC;
				GENERATE_INFOPLIST_FILE = YES;
				MARKETING_VERSION = 1.0;
				PRODUCT_BUNDLE_IDENTIFIER = com.share.NewsAppUITests;
				PRODUCT_NAME = "$(TARGET_NAME)";
				SWIFT_EMIT_LOC_STRINGS = NO;
				SWIFT_VERSION = 5.0;
				TARGETED_DEVICE_FAMILY = "1,2";
				TEST_TARGET_NAME = NewsApp;
			};
			name = Release;
		};
/* End XCBuildConfiguration section */

/* Begin XCConfigurationList section */
		262F9B0B281CE25F002D1D21 /* Build configuration list for PBXProject "NewsApp" */ = {
			isa = XCConfigurationList;
			buildConfigurations = (
				262F9B32281CE260002D1D21 /* Debug */,
				262F9B33281CE260002D1D21 /* Release */,
			);
			defaultConfigurationIsVisible = 0;
			defaultConfigurationName = Release;
		};
		262F9B34281CE260002D1D21 /* Build configuration list for PBXNativeTarget "NewsApp" */ = {
			isa = XCConfigurationList;
			buildConfigurations = (
				262F9B35281CE260002D1D21 /* Debug */,
				262F9B36281CE260002D1D21 /* Release */,
			);
			defaultConfigurationIsVisible = 0;
			defaultConfigurationName = Release;
		};
		262F9B37281CE260002D1D21 /* Build configuration list for PBXNativeTarget "NewsAppTests" */ = {
			isa = XCConfigurationList;
			buildConfigurations = (
				262F9B38281CE260002D1D21 /* Debug */,
				262F9B39281CE260002D1D21 /* Release */,
			);
			defaultConfigurationIsVisible = 0;
			defaultConfigurationName = Release;
		};
		262F9B3A281CE260002D1D21 /* Build configuration list for PBXNativeTarget "NewsAppUITests" */ = {
			isa = XCConfigurationList;
			buildConfigurations = (
				262F9B3B281CE260002D1D21 /* Debug */,
				262F9B3C281CE260002D1D21 /* Release */,
			);
			defaultConfigurationIsVisible = 0;
			defaultConfigurationName = Release;
		};
/* End XCConfigurationList section */
	};
	rootObject = 262F9B08281CE25F002D1D21 /* Project object */;
}
